// !$*UTF8*$!
{
	archiveVersion = 1;
	classes = {
	};
	objectVersion = 70;
	objects = {

/* Begin PBXBuildFile section */
		07A8E79E9734718B5FB0AB70 /* Pods_LikerEst.framework in Frameworks */ = {isa = PBXBuildFile; fileRef = 08CFF84464AAB78D037C8DB0 /* Pods_LikerEst.framework */; };
		0A300C2F2CE4A0C900373C7A /* Toast in Frameworks */ = {isa = PBXBuildFile; productRef = 0A300C2E2CE4A0C900373C7A /* Toast */; };
		0AE77F592CDE03CA007C11D1 /* AppDelegate.swift in Sources */ = {isa = PBXBuildFile; fileRef = 0AE77F582CDE03CA007C11D1 /* AppDelegate.swift */; };
		0AE77F5B2CDE03CA007C11D1 /* SceneDelegate.swift in Sources */ = {isa = PBXBuildFile; fileRef = 0AE77F5A2CDE03CA007C11D1 /* SceneDelegate.swift */; };
		0AE780B22CE12F86007C11D1 /* CoreData.framework in Frameworks */ = {isa = PBXBuildFile; fileRef = 0AE780B12CE12F86007C11D1 /* CoreData.framework */; };
		0AE780C92CE13387007C11D1 /* LikerEst.xcdatamodeld in Sources */ = {isa = PBXBuildFile; fileRef = 0AE780C72CE13387007C11D1 /* LikerEst.xcdatamodeld */; };
/* End PBXBuildFile section */

/* Begin PBXFileReference section */
		08CFF84464AAB78D037C8DB0 /* Pods_LikerEst.framework */ = {isa = PBXFileReference; explicitFileType = wrapper.framework; includeInIndex = 0; path = Pods_LikerEst.framework; sourceTree = BUILT_PRODUCTS_DIR; };
		0A0DE6FD2CE2C32700FE1A7D /* README.md */ = {isa = PBXFileReference; lastKnownFileType = net.daringfireball.markdown; path = README.md; sourceTree = "<group>"; };
		0AE77F552CDE03CA007C11D1 /* LikerEst.app */ = {isa = PBXFileReference; explicitFileType = wrapper.application; includeInIndex = 0; path = LikerEst.app; sourceTree = BUILT_PRODUCTS_DIR; };
		0AE77F582CDE03CA007C11D1 /* AppDelegate.swift */ = {isa = PBXFileReference; lastKnownFileType = sourcecode.swift; path = AppDelegate.swift; sourceTree = "<group>"; };
		0AE77F5A2CDE03CA007C11D1 /* SceneDelegate.swift */ = {isa = PBXFileReference; lastKnownFileType = sourcecode.swift; path = SceneDelegate.swift; sourceTree = "<group>"; };
		0AE77F662CDE03CC007C11D1 /* Info.plist */ = {isa = PBXFileReference; lastKnownFileType = text.plist.xml; path = Info.plist; sourceTree = "<group>"; };
		0AE780B12CE12F86007C11D1 /* CoreData.framework */ = {isa = PBXFileReference; lastKnownFileType = wrapper.framework; name = CoreData.framework; path = System/Library/Frameworks/CoreData.framework; sourceTree = SDKROOT; };
		0AE780C82CE13387007C11D1 /* LikerEst.xcdatamodel */ = {isa = PBXFileReference; lastKnownFileType = wrapper.xcdatamodel; path = LikerEst.xcdatamodel; sourceTree = "<group>"; };
		1F4FD1D4944BC4AFA8F2781C /* Pods-LikerEst.debug.xcconfig */ = {isa = PBXFileReference; includeInIndex = 1; lastKnownFileType = text.xcconfig; name = "Pods-LikerEst.debug.xcconfig"; path = "Target Support Files/Pods-LikerEst/Pods-LikerEst.debug.xcconfig"; sourceTree = "<group>"; };
		D7BFCA770BFD2C929DF0A1FC /* Pods-LikerEst.release.xcconfig */ = {isa = PBXFileReference; includeInIndex = 1; lastKnownFileType = text.xcconfig; name = "Pods-LikerEst.release.xcconfig"; path = "Target Support Files/Pods-LikerEst/Pods-LikerEst.release.xcconfig"; sourceTree = "<group>"; };
/* End PBXFileReference section */

/* Begin PBXFileSystemSynchronizedBuildFileExceptionSet section */
		0AE77FA22CDE0975007C11D1 /* PBXFileSystemSynchronizedBuildFileExceptionSet */ = {
			isa = PBXFileSystemSynchronizedBuildFileExceptionSet;
			membershipExceptions = (
				Assets.xcassets,
			);
			target = 0AE77F542CDE03CA007C11D1 /* LikerEst */;
		};
		0AE77FA52CDE0996007C11D1 /* PBXFileSystemSynchronizedBuildFileExceptionSet */ = {
			isa = PBXFileSystemSynchronizedBuildFileExceptionSet;
			membershipExceptions = (
				Extensions/SavedPhotoExtension.swift,
				Extensions/UIAlertCExtension.swift,
				Extensions/UIImageViewExtension.swift,
				Extensions/UILabelExtension.swift,
				Extensions/UIStackViewExtension.swift,
				Extensions/UIViewExtension.swift,
				Protocols/BaceVCProtocol.swift,
				Protocols/PhotoDetailsVCDelegate.swift,
			);
			target = 0AE77F542CDE03CA007C11D1 /* LikerEst */;
		};
		0AE77FAF2CDE0B0C007C11D1 /* PBXFileSystemSynchronizedBuildFileExceptionSet */ = {
			isa = PBXFileSystemSynchronizedBuildFileExceptionSet;
			membershipExceptions = (
				Cells/PhotoCell.swift,
				Cells/SavedPhotoCell.swift,
				EmptyStateView.swift,
				FavouritesVC.swift,
				HomeVC.swift,
				PhotoDetailsVC.swift,
			);
			target = 0AE77F542CDE03CA007C11D1 /* LikerEst */;
		};
		0AE77FC72CDE0F6A007C11D1 /* PBXFileSystemSynchronizedBuildFileExceptionSet */ = {
			isa = PBXFileSystemSynchronizedBuildFileExceptionSet;
			membershipExceptions = (
				CustomItemView.swift,
				CustomTabBar.swift,
				CustomTabItem.swift,
				TabBarController.swift,
			);
			target = 0AE77F542CDE03CA007C11D1 /* LikerEst */;
		};
		0AE77FEB2CDE12BA007C11D1 /* PBXFileSystemSynchronizedBuildFileExceptionSet */ = {
			isa = PBXFileSystemSynchronizedBuildFileExceptionSet;
			membershipExceptions = (
				Location.swift,
				Photo.swift,
				PhotoSearchResult.swift,
				ProfileImage.swift,
				URLs.swift,
				User.swift,
			);
			target = 0AE77F542CDE03CA007C11D1 /* LikerEst */;
		};
		0AE77FF62CDE14D3007C11D1 /* PBXFileSystemSynchronizedBuildFileExceptionSet */ = {
			isa = PBXFileSystemSynchronizedBuildFileExceptionSet;
			membershipExceptions = (
				CoreDataManager.swift,
				PhotoCoreDataService.swift,
				UnsplashService.swift,
			);
			target = 0AE77F542CDE03CA007C11D1 /* LikerEst */;
		};
/* End PBXFileSystemSynchronizedBuildFileExceptionSet section */

/* Begin PBXFileSystemSynchronizedRootGroup section */
		0AE77F9C2CDE08D9007C11D1 /* Helpers */ = {isa = PBXFileSystemSynchronizedRootGroup; exceptions = (0AE77FA52CDE0996007C11D1 /* PBXFileSystemSynchronizedBuildFileExceptionSet */, ); explicitFileTypes = {}; explicitFolders = (); path = Helpers; sourceTree = "<group>"; };
		0AE77F9D2CDE08DF007C11D1 /* Resources */ = {isa = PBXFileSystemSynchronizedRootGroup; exceptions = (0AE77FA22CDE0975007C11D1 /* PBXFileSystemSynchronizedBuildFileExceptionSet */, ); explicitFileTypes = {}; explicitFolders = (); path = Resources; sourceTree = "<group>"; };
		0AE77F9E2CDE08E1007C11D1 /* CustomTabBar */ = {isa = PBXFileSystemSynchronizedRootGroup; exceptions = (0AE77FC72CDE0F6A007C11D1 /* PBXFileSystemSynchronizedBuildFileExceptionSet */, ); explicitFileTypes = {}; explicitFolders = (); path = CustomTabBar; sourceTree = "<group>"; };
		0AE77F9F2CDE08EA007C11D1 /* View */ = {isa = PBXFileSystemSynchronizedRootGroup; exceptions = (0AE77FAF2CDE0B0C007C11D1 /* PBXFileSystemSynchronizedBuildFileExceptionSet */, ); explicitFileTypes = {}; explicitFolders = (); path = View; sourceTree = "<group>"; };
		0AE77FE82CDE1294007C11D1 /* Model */ = {isa = PBXFileSystemSynchronizedRootGroup; exceptions = (0AE77FEB2CDE12BA007C11D1 /* PBXFileSystemSynchronizedBuildFileExceptionSet */, ); explicitFileTypes = {}; explicitFolders = (); path = Model; sourceTree = "<group>"; };
		0AE77FF32CDE14A3007C11D1 /* Services */ = {isa = PBXFileSystemSynchronizedRootGroup; exceptions = (0AE77FF62CDE14D3007C11D1 /* PBXFileSystemSynchronizedBuildFileExceptionSet */, ); explicitFileTypes = {}; explicitFolders = (); path = Services; sourceTree = "<group>"; };
/* End PBXFileSystemSynchronizedRootGroup section */

/* Begin PBXFrameworksBuildPhase section */
		0AE77F522CDE03CA007C11D1 /* Frameworks */ = {
			isa = PBXFrameworksBuildPhase;
			buildActionMask = 2147483647;
			files = (
				0A300C2F2CE4A0C900373C7A /* Toast in Frameworks */,
				07A8E79E9734718B5FB0AB70 /* Pods_LikerEst.framework in Frameworks */,
				0AE780B22CE12F86007C11D1 /* CoreData.framework in Frameworks */,
			);
			runOnlyForDeploymentPostprocessing = 0;
		};
/* End PBXFrameworksBuildPhase section */

/* Begin PBXGroup section */
		0AE77F4C2CDE03CA007C11D1 = {
			isa = PBXGroup;
			children = (
				0A0DE6FD2CE2C32700FE1A7D /* README.md */,
				0AE77F572CDE03CA007C11D1 /* LikerEst */,
				0AE77F562CDE03CA007C11D1 /* Products */,
				ECAD6C3BD97465029C4433A6 /* Pods */,
				6C27BA516C27ECB8A7DA3F13 /* Frameworks */,
			);
			sourceTree = "<group>";
		};
		0AE77F562CDE03CA007C11D1 /* Products */ = {
			isa = PBXGroup;
			children = (
				0AE77F552CDE03CA007C11D1 /* LikerEst.app */,
			);
			name = Products;
			sourceTree = "<group>";
		};
		0AE77F572CDE03CA007C11D1 /* LikerEst */ = {
			isa = PBXGroup;
			children = (
				0AE77F582CDE03CA007C11D1 /* AppDelegate.swift */,
				0AE77F5A2CDE03CA007C11D1 /* SceneDelegate.swift */,
				0AE77FE82CDE1294007C11D1 /* Model */,
				0AE77F9F2CDE08EA007C11D1 /* View */,
				0AE77F9E2CDE08E1007C11D1 /* CustomTabBar */,
				0AE77FF32CDE14A3007C11D1 /* Services */,
				0AE77F9D2CDE08DF007C11D1 /* Resources */,
				0AE77F9C2CDE08D9007C11D1 /* Helpers */,
				0AE77F662CDE03CC007C11D1 /* Info.plist */,
				0AE780C72CE13387007C11D1 /* LikerEst.xcdatamodeld */,
			);
			path = LikerEst;
			sourceTree = "<group>";
		};
		6C27BA516C27ECB8A7DA3F13 /* Frameworks */ = {
			isa = PBXGroup;
			children = (
				0AE780B12CE12F86007C11D1 /* CoreData.framework */,
				08CFF84464AAB78D037C8DB0 /* Pods_LikerEst.framework */,
			);
			name = Frameworks;
			sourceTree = "<group>";
		};
		ECAD6C3BD97465029C4433A6 /* Pods */ = {
			isa = PBXGroup;
			children = (
				1F4FD1D4944BC4AFA8F2781C /* Pods-LikerEst.debug.xcconfig */,
				D7BFCA770BFD2C929DF0A1FC /* Pods-LikerEst.release.xcconfig */,
			);
			path = Pods;
			sourceTree = "<group>";
		};
/* End PBXGroup section */

/* Begin PBXNativeTarget section */
		0AE77F542CDE03CA007C11D1 /* LikerEst */ = {
			isa = PBXNativeTarget;
			buildConfigurationList = 0AE77F692CDE03CC007C11D1 /* Build configuration list for PBXNativeTarget "LikerEst" */;
			buildPhases = (
				BDB7536107F1CD89D7529F10 /* [CP] Check Pods Manifest.lock */,
				0AE77F512CDE03CA007C11D1 /* Sources */,
				0AE77F522CDE03CA007C11D1 /* Frameworks */,
				0AE77F532CDE03CA007C11D1 /* Resources */,
				F83590339DCDCBDE7CB50CC8 /* [CP] Embed Pods Frameworks */,
			);
			buildRules = (
			);
			dependencies = (
			);
			name = LikerEst;
			packageProductDependencies = (
				0A300C2E2CE4A0C900373C7A /* Toast */,
			);
			productName = LikerEst;
			productReference = 0AE77F552CDE03CA007C11D1 /* LikerEst.app */;
			productType = "com.apple.product-type.application";
		};
/* End PBXNativeTarget section */

/* Begin PBXProject section */
		0AE77F4D2CDE03CA007C11D1 /* Project object */ = {
			isa = PBXProject;
			attributes = {
				BuildIndependentTargetsInParallel = 1;
				LastSwiftUpdateCheck = 1600;
				LastUpgradeCheck = 1600;
				TargetAttributes = {
					0AE77F542CDE03CA007C11D1 = {
						CreatedOnToolsVersion = 16.0;
					};
				};
			};
			buildConfigurationList = 0AE77F502CDE03CA007C11D1 /* Build configuration list for PBXProject "LikerEst" */;
			compatibilityVersion = "Xcode 15.0";
			developmentRegion = en;
			hasScannedForEncodings = 0;
			knownRegions = (
				en,
				Base,
			);
			mainGroup = 0AE77F4C2CDE03CA007C11D1;
			packageReferences = (
				0A300C2D2CE4A0C900373C7A /* XCRemoteSwiftPackageReference "Toast-Swift" */,
			);
			productRefGroup = 0AE77F562CDE03CA007C11D1 /* Products */;
			projectDirPath = "";
			projectRoot = "";
			targets = (
				0AE77F542CDE03CA007C11D1 /* LikerEst */,
			);
		};
/* End PBXProject section */

/* Begin PBXResourcesBuildPhase section */
		0AE77F532CDE03CA007C11D1 /* Resources */ = {
			isa = PBXResourcesBuildPhase;
			buildActionMask = 2147483647;
			files = (
			);
			runOnlyForDeploymentPostprocessing = 0;
		};
/* End PBXResourcesBuildPhase section */

/* Begin PBXShellScriptBuildPhase section */
		BDB7536107F1CD89D7529F10 /* [CP] Check Pods Manifest.lock */ = {
			isa = PBXShellScriptBuildPhase;
			buildActionMask = 2147483647;
			files = (
			);
			inputFileListPaths = (
			);
			inputPaths = (
				"${PODS_PODFILE_DIR_PATH}/Podfile.lock",
				"${PODS_ROOT}/Manifest.lock",
			);
			name = "[CP] Check Pods Manifest.lock";
			outputFileListPaths = (
			);
			outputPaths = (
				"$(DERIVED_FILE_DIR)/Pods-LikerEst-checkManifestLockResult.txt",
			);
			runOnlyForDeploymentPostprocessing = 0;
			shellPath = /bin/sh;
			shellScript = "diff \"${PODS_PODFILE_DIR_PATH}/Podfile.lock\" \"${PODS_ROOT}/Manifest.lock\" > /dev/null\nif [ $? != 0 ] ; then\n    # print error to STDERR\n    echo \"error: The sandbox is not in sync with the Podfile.lock. Run 'pod install' or update your CocoaPods installation.\" >&2\n    exit 1\nfi\n# This output is used by Xcode 'outputs' to avoid re-running this script phase.\necho \"SUCCESS\" > \"${SCRIPT_OUTPUT_FILE_0}\"\n";
			showEnvVarsInLog = 0;
		};
		F83590339DCDCBDE7CB50CC8 /* [CP] Embed Pods Frameworks */ = {
			isa = PBXShellScriptBuildPhase;
			buildActionMask = 2147483647;
			files = (
			);
			inputFileListPaths = (
				"${PODS_ROOT}/Target Support Files/Pods-LikerEst/Pods-LikerEst-frameworks-${CONFIGURATION}-input-files.xcfilelist",
			);
			name = "[CP] Embed Pods Frameworks";
			outputFileListPaths = (
				"${PODS_ROOT}/Target Support Files/Pods-LikerEst/Pods-LikerEst-frameworks-${CONFIGURATION}-output-files.xcfilelist",
			);
			runOnlyForDeploymentPostprocessing = 0;
			shellPath = /bin/sh;
			shellScript = "\"${PODS_ROOT}/Target Support Files/Pods-LikerEst/Pods-LikerEst-frameworks.sh\"\n";
			showEnvVarsInLog = 0;
		};
/* End PBXShellScriptBuildPhase section */

/* Begin PBXSourcesBuildPhase section */
		0AE77F512CDE03CA007C11D1 /* Sources */ = {
			isa = PBXSourcesBuildPhase;
			buildActionMask = 2147483647;
			files = (
				0AE780C92CE13387007C11D1 /* LikerEst.xcdatamodeld in Sources */,
				0AE77F592CDE03CA007C11D1 /* AppDelegate.swift in Sources */,
				0AE77F5B2CDE03CA007C11D1 /* SceneDelegate.swift in Sources */,
			);
			runOnlyForDeploymentPostprocessing = 0;
		};
/* End PBXSourcesBuildPhase section */

/* Begin XCBuildConfiguration section */
		0AE77F672CDE03CC007C11D1 /* Debug */ = {
			isa = XCBuildConfiguration;
			buildSettings = {
				ALWAYS_SEARCH_USER_PATHS = NO;
				ASSETCATALOG_COMPILER_GENERATE_SWIFT_ASSET_SYMBOL_EXTENSIONS = YES;
				CLANG_ANALYZER_NONNULL = YES;
				CLANG_ANALYZER_NUMBER_OBJECT_CONVERSION = YES_AGGRESSIVE;
				CLANG_CXX_LANGUAGE_STANDARD = "gnu++20";
				CLANG_ENABLE_MODULES = YES;
				CLANG_ENABLE_OBJC_ARC = YES;
				CLANG_ENABLE_OBJC_WEAK = YES;
				CLANG_WARN_BLOCK_CAPTURE_AUTORELEASING = YES;
				CLANG_WARN_BOOL_CONVERSION = YES;
				CLANG_WARN_COMMA = YES;
				CLANG_WARN_CONSTANT_CONVERSION = YES;
				CLANG_WARN_DEPRECATED_OBJC_IMPLEMENTATIONS = YES;
				CLANG_WARN_DIRECT_OBJC_ISA_USAGE = YES_ERROR;
				CLANG_WARN_DOCUMENTATION_COMMENTS = YES;
				CLANG_WARN_EMPTY_BODY = YES;
				CLANG_WARN_ENUM_CONVERSION = YES;
				CLANG_WARN_INFINITE_RECURSION = YES;
				CLANG_WARN_INT_CONVERSION = YES;
				CLANG_WARN_NON_LITERAL_NULL_CONVERSION = YES;
				CLANG_WARN_OBJC_IMPLICIT_RETAIN_SELF = YES;
				CLANG_WARN_OBJC_LITERAL_CONVERSION = YES;
				CLANG_WARN_OBJC_ROOT_CLASS = YES_ERROR;
				CLANG_WARN_QUOTED_INCLUDE_IN_FRAMEWORK_HEADER = YES;
				CLANG_WARN_RANGE_LOOP_ANALYSIS = YES;
				CLANG_WARN_STRICT_PROTOTYPES = YES;
				CLANG_WARN_SUSPICIOUS_MOVE = YES;
				CLANG_WARN_UNGUARDED_AVAILABILITY = YES_AGGRESSIVE;
				CLANG_WARN_UNREACHABLE_CODE = YES;
				CLANG_WARN__DUPLICATE_METHOD_MATCH = YES;
				COPY_PHASE_STRIP = NO;
				DEBUG_INFORMATION_FORMAT = dwarf;
				ENABLE_STRICT_OBJC_MSGSEND = YES;
				ENABLE_TESTABILITY = YES;
				ENABLE_USER_SCRIPT_SANDBOXING = YES;
				GCC_C_LANGUAGE_STANDARD = gnu17;
				GCC_DYNAMIC_NO_PIC = NO;
				GCC_NO_COMMON_BLOCKS = YES;
				GCC_OPTIMIZATION_LEVEL = 0;
				GCC_PREPROCESSOR_DEFINITIONS = (
					"DEBUG=1",
					"$(inherited)",
				);
				GCC_WARN_64_TO_32_BIT_CONVERSION = YES;
				GCC_WARN_ABOUT_RETURN_TYPE = YES_ERROR;
				GCC_WARN_UNDECLARED_SELECTOR = YES;
				GCC_WARN_UNINITIALIZED_AUTOS = YES_AGGRESSIVE;
				GCC_WARN_UNUSED_FUNCTION = YES;
				GCC_WARN_UNUSED_VARIABLE = YES;
				IPHONEOS_DEPLOYMENT_TARGET = 18.0;
				LOCALIZATION_PREFERS_STRING_CATALOGS = YES;
				MTL_ENABLE_DEBUG_INFO = INCLUDE_SOURCE;
				MTL_FAST_MATH = YES;
				ONLY_ACTIVE_ARCH = YES;
				SDKROOT = iphoneos;
				SWIFT_ACTIVE_COMPILATION_CONDITIONS = "DEBUG $(inherited)";
				SWIFT_OPTIMIZATION_LEVEL = "-Onone";
			};
			name = Debug;
		};
		0AE77F682CDE03CC007C11D1 /* Release */ = {
			isa = XCBuildConfiguration;
			buildSettings = {
				ALWAYS_SEARCH_USER_PATHS = NO;
				ASSETCATALOG_COMPILER_GENERATE_SWIFT_ASSET_SYMBOL_EXTENSIONS = YES;
				CLANG_ANALYZER_NONNULL = YES;
				CLANG_ANALYZER_NUMBER_OBJECT_CONVERSION = YES_AGGRESSIVE;
				CLANG_CXX_LANGUAGE_STANDARD = "gnu++20";
				CLANG_ENABLE_MODULES = YES;
				CLANG_ENABLE_OBJC_ARC = YES;
				CLANG_ENABLE_OBJC_WEAK = YES;
				CLANG_WARN_BLOCK_CAPTURE_AUTORELEASING = YES;
				CLANG_WARN_BOOL_CONVERSION = YES;
				CLANG_WARN_COMMA = YES;
				CLANG_WARN_CONSTANT_CONVERSION = YES;
				CLANG_WARN_DEPRECATED_OBJC_IMPLEMENTATIONS = YES;
				CLANG_WARN_DIRECT_OBJC_ISA_USAGE = YES_ERROR;
				CLANG_WARN_DOCUMENTATION_COMMENTS = YES;
				CLANG_WARN_EMPTY_BODY = YES;
				CLANG_WARN_ENUM_CONVERSION = YES;
				CLANG_WARN_INFINITE_RECURSION = YES;
				CLANG_WARN_INT_CONVERSION = YES;
				CLANG_WARN_NON_LITERAL_NULL_CONVERSION = YES;
				CLANG_WARN_OBJC_IMPLICIT_RETAIN_SELF = YES;
				CLANG_WARN_OBJC_LITERAL_CONVERSION = YES;
				CLANG_WARN_OBJC_ROOT_CLASS = YES_ERROR;
				CLANG_WARN_QUOTED_INCLUDE_IN_FRAMEWORK_HEADER = YES;
				CLANG_WARN_RANGE_LOOP_ANALYSIS = YES;
				CLANG_WARN_STRICT_PROTOTYPES = YES;
				CLANG_WARN_SUSPICIOUS_MOVE = YES;
				CLANG_WARN_UNGUARDED_AVAILABILITY = YES_AGGRESSIVE;
				CLANG_WARN_UNREACHABLE_CODE = YES;
				CLANG_WARN__DUPLICATE_METHOD_MATCH = YES;
				COPY_PHASE_STRIP = NO;
				DEBUG_INFORMATION_FORMAT = "dwarf-with-dsym";
				ENABLE_NS_ASSERTIONS = NO;
				ENABLE_STRICT_OBJC_MSGSEND = YES;
				ENABLE_USER_SCRIPT_SANDBOXING = YES;
				GCC_C_LANGUAGE_STANDARD = gnu17;
				GCC_NO_COMMON_BLOCKS = YES;
				GCC_WARN_64_TO_32_BIT_CONVERSION = YES;
				GCC_WARN_ABOUT_RETURN_TYPE = YES_ERROR;
				GCC_WARN_UNDECLARED_SELECTOR = YES;
				GCC_WARN_UNINITIALIZED_AUTOS = YES_AGGRESSIVE;
				GCC_WARN_UNUSED_FUNCTION = YES;
				GCC_WARN_UNUSED_VARIABLE = YES;
				IPHONEOS_DEPLOYMENT_TARGET = 18.0;
				LOCALIZATION_PREFERS_STRING_CATALOGS = YES;
				MTL_ENABLE_DEBUG_INFO = NO;
				MTL_FAST_MATH = YES;
				SDKROOT = iphoneos;
				SWIFT_COMPILATION_MODE = wholemodule;
				VALIDATE_PRODUCT = YES;
			};
			name = Release;
		};
		0AE77F6A2CDE03CC007C11D1 /* Debug */ = {
			isa = XCBuildConfiguration;
			baseConfigurationReference = 1F4FD1D4944BC4AFA8F2781C /* Pods-LikerEst.debug.xcconfig */;
			buildSettings = {
				ASSETCATALOG_COMPILER_APPICON_NAME = AppIcon;
				ASSETCATALOG_COMPILER_GLOBAL_ACCENT_COLOR_NAME = AccentColor;
				ASSETCATALOG_COMPILER_INCLUDE_ALL_APPICON_ASSETS = YES;
				CODE_SIGN_STYLE = Automatic;
				CURRENT_PROJECT_VERSION = 1;
				DEVELOPMENT_TEAM = 2D298QL4HC;
				ENABLE_USER_SCRIPT_SANDBOXING = NO;
				GENERATE_INFOPLIST_FILE = YES;
				INFOPLIST_FILE = LikerEst/Info.plist;
				INFOPLIST_KEY_CFBundleDisplayName = LikerEst;
				INFOPLIST_KEY_LSApplicationCategoryType = "public.app-category.photography";
				INFOPLIST_KEY_UIApplicationSupportsIndirectInputEvents = YES;
				INFOPLIST_KEY_UILaunchStoryboardName = LaunchScreen;
				INFOPLIST_KEY_UIStatusBarStyle = UIStatusBarStyleDarkContent;
				INFOPLIST_KEY_UISupportedInterfaceOrientations = UIInterfaceOrientationPortrait;
				INFOPLIST_KEY_UISupportedInterfaceOrientations_iPad = "UIInterfaceOrientationLandscapeLeft UIInterfaceOrientationLandscapeRight UIInterfaceOrientationPortrait UIInterfaceOrientationPortraitUpsideDown";
				IPHONEOS_DEPLOYMENT_TARGET = 15.0;
				LD_RUNPATH_SEARCH_PATHS = (
					"$(inherited)",
					"@executable_path/Frameworks",
				);
				MARKETING_VERSION = 1.0;
				PRODUCT_BUNDLE_IDENTIFIER = "gmail-zablotski.LikerEst";
				PRODUCT_NAME = "$(TARGET_NAME)";
				SUPPORTED_PLATFORMS = "iphoneos iphonesimulator";
				SUPPORTS_MACCATALYST = NO;
				SUPPORTS_MAC_DESIGNED_FOR_IPHONE_IPAD = NO;
				SUPPORTS_XR_DESIGNED_FOR_IPHONE_IPAD = NO;
				SWIFT_EMIT_LOC_STRINGS = YES;
				SWIFT_VERSION = 5.0;
				TARGETED_DEVICE_FAMILY = 1;
			};
			name = Debug;
		};
		0AE77F6B2CDE03CC007C11D1 /* Release */ = {
			isa = XCBuildConfiguration;
			baseConfigurationReference = D7BFCA770BFD2C929DF0A1FC /* Pods-LikerEst.release.xcconfig */;
			buildSettings = {
				ASSETCATALOG_COMPILER_APPICON_NAME = AppIcon;
				ASSETCATALOG_COMPILER_GLOBAL_ACCENT_COLOR_NAME = AccentColor;
				ASSETCATALOG_COMPILER_INCLUDE_ALL_APPICON_ASSETS = YES;
				CODE_SIGN_STYLE = Automatic;
				CURRENT_PROJECT_VERSION = 1;
				DEVELOPMENT_TEAM = 2D298QL4HC;
				ENABLE_USER_SCRIPT_SANDBOXING = NO;
				GENERATE_INFOPLIST_FILE = YES;
				INFOPLIST_FILE = LikerEst/Info.plist;
				INFOPLIST_KEY_CFBundleDisplayName = LikerEst;
				INFOPLIST_KEY_LSApplicationCategoryType = "public.app-category.photography";
				INFOPLIST_KEY_UIApplicationSupportsIndirectInputEvents = YES;
				INFOPLIST_KEY_UILaunchStoryboardName = LaunchScreen;
				INFOPLIST_KEY_UIStatusBarStyle = UIStatusBarStyleDarkContent;
				INFOPLIST_KEY_UISupportedInterfaceOrientations = UIInterfaceOrientationPortrait;
				INFOPLIST_KEY_UISupportedInterfaceOrientations_iPad = "UIInterfaceOrientationLandscapeLeft UIInterfaceOrientationLandscapeRight UIInterfaceOrientationPortrait UIInterfaceOrientationPortraitUpsideDown";
				IPHONEOS_DEPLOYMENT_TARGET = 15.0;
				LD_RUNPATH_SEARCH_PATHS = (
					"$(inherited)",
					"@executable_path/Frameworks",
				);
				MARKETING_VERSION = 1.0;
				PRODUCT_BUNDLE_IDENTIFIER = "gmail-zablotski.LikerEst";
				PRODUCT_NAME = "$(TARGET_NAME)";
				SUPPORTED_PLATFORMS = "iphoneos iphonesimulator";
				SUPPORTS_MACCATALYST = NO;
				SUPPORTS_MAC_DESIGNED_FOR_IPHONE_IPAD = NO;
				SUPPORTS_XR_DESIGNED_FOR_IPHONE_IPAD = NO;
				SWIFT_EMIT_LOC_STRINGS = YES;
				SWIFT_VERSION = 5.0;
				TARGETED_DEVICE_FAMILY = 1;
			};
			name = Release;
		};
/* End XCBuildConfiguration section */

/* Begin XCConfigurationList section */
		0AE77F502CDE03CA007C11D1 /* Build configuration list for PBXProject "LikerEst" */ = {
			isa = XCConfigurationList;
			buildConfigurations = (
				0AE77F672CDE03CC007C11D1 /* Debug */,
				0AE77F682CDE03CC007C11D1 /* Release */,
			);
			defaultConfigurationIsVisible = 0;
			defaultConfigurationName = Release;
		};
		0AE77F692CDE03CC007C11D1 /* Build configuration list for PBXNativeTarget "LikerEst" */ = {
			isa = XCConfigurationList;
			buildConfigurations = (
				0AE77F6A2CDE03CC007C11D1 /* Debug */,
				0AE77F6B2CDE03CC007C11D1 /* Release */,
			);
			defaultConfigurationIsVisible = 0;
			defaultConfigurationName = Release;
		};
/* End XCConfigurationList section */

/* Begin XCRemoteSwiftPackageReference section */
		0A300C2D2CE4A0C900373C7A /* XCRemoteSwiftPackageReference "Toast-Swift" */ = {
			isa = XCRemoteSwiftPackageReference;
			repositoryURL = "https://github.com/scalessec/Toast-Swift";
			requirement = {
				kind = upToNextMajorVersion;
				minimumVersion = 5.1.1;
			};
		};
/* End XCRemoteSwiftPackageReference section */

/* Begin XCSwiftPackageProductDependency section */
		0A300C2E2CE4A0C900373C7A /* Toast */ = {
			isa = XCSwiftPackageProductDependency;
			package = 0A300C2D2CE4A0C900373C7A /* XCRemoteSwiftPackageReference "Toast-Swift" */;
			productName = Toast;
		};
/* End XCSwiftPackageProductDependency section */

/* Begin XCVersionGroup section */
		0AE780C72CE13387007C11D1 /* LikerEst.xcdatamodeld */ = {
			isa = XCVersionGroup;
			children = (
				0AE780C82CE13387007C11D1 /* LikerEst.xcdatamodel */,
			);
			currentVersion = 0AE780C82CE13387007C11D1 /* LikerEst.xcdatamodel */;
			path = LikerEst.xcdatamodeld;
			sourceTree = "<group>";
			versionGroupType = wrapper.xcdatamodel;
		};
/* End XCVersionGroup section */
	};
	rootObject = 0AE77F4D2CDE03CA007C11D1 /* Project object */;
}
